PODS:
  - Lynx (4.0.2):
    - Lynx/Framework (= 4.0.2)
  - Lynx/Framework (4.0.2):
    - Lynx/ReleaseResource
    - LynxBase/Framework
    - LynxServiceAPI
    - PrimJS/napi/env
    - PrimJS/napi/jsc
    - PrimJS/napi/quickjs
    - PrimJS/quickjs (= 4.0.0)
  - Lynx/ReleaseResource (4.0.2)
  - LynxBase (4.0.2):
    - LynxBase/Framework (= 4.0.2)
  - LynxBase/Framework (4.0.2):
    - LynxServiceAPI/Core
  - LynxLibraryRegistry (0.1.0):
    - Lynx
  - LynxService/Http (4.0.2):
    - Lynx (= 4.0.2)
    - LynxServiceAPI (= 4.0.2)
  - LynxService/Log (4.0.2):
    - Lynx (= 4.0.2)
    - LynxBase (= 4.0.2)
    - LynxServiceAPI (= 4.0.2)
  - LynxServiceAPI (4.0.2):
    - LynxServiceAPI/Core (= 4.0.2)
  - LynxServiceAPI/Core (4.0.2)
  - PrimJS/log (4.0.0)
  - PrimJS/napi (4.0.0):
    - PrimJS/napi/adapter (= 4.0.0)
    - PrimJS/napi/core (= 4.0.0)
    - PrimJS/napi/env (= 4.0.0)
    - PrimJS/napi/jsc (= 4.0.0)
    - PrimJS/napi/quickjs (= 4.0.0)
  - PrimJS/napi/adapter (4.0.0):
    - PrimJS/napi/core
    - PrimJS/napi/env
  - PrimJS/napi/core (4.0.0)
  - PrimJS/napi/env (4.0.0):
    - PrimJS/napi/core
  - PrimJS/napi/jsc (4.0.0):
    - PrimJS/log
    - PrimJS/napi/core
    - PrimJS/quickjs
  - PrimJS/napi/quickjs (4.0.0):
    - PrimJS/napi/core
    - PrimJS/quickjs
  - PrimJS/quickjs (4.0.0):
    - PrimJS/log
  - scumble (0.1.1):
    - Lynx
    - skity (= 1.1.0-alpha.4)
  - skity (1.1.0-alpha.4)

DEPENDENCIES:
  - Lynx/Framework (= 4.0.2)
  - LynxLibraryRegistry (from `/Users/bytedance/Workspace/github/scumble/packages/example/ios/generated/lynx-library`)
  - LynxService/Http (= 4.0.2)
  - LynxService/Log (= 4.0.2)
  - PrimJS/napi (= 4.0.0)
  - PrimJS/quickjs (= 4.0.0)
  - scumble (from `/Users/bytedance/Workspace/github/scumble/packages/native`)

SPEC REPOS:
  trunk:
    - Lynx
    - LynxBase
    - LynxService
    - LynxServiceAPI
    - PrimJS
    - skity

EXTERNAL SOURCES:
  LynxLibraryRegistry:
    :path: "/Users/bytedance/Workspace/github/scumble/packages/example/ios/generated/lynx-library"
  scumble:
    :path: "/Users/bytedance/Workspace/github/scumble/packages/native"

SPEC CHECKSUMS:
  Lynx: a1694f17b4f79ea46909ed48dc28ab4726d8ed61
  LynxBase: 2032493571b229e2117ece7c7799e9f16beb0e79
  LynxLibraryRegistry: b2017f1b3dd04bcac00caacc69d28fddcd6c9043
  LynxService: d94b8204377b444c4f7a10ca7288bc10e7ec27e9
  LynxServiceAPI: 6a848df03786ce0fae2345d34c0535b140261679
  PrimJS: f048efc0923e73cde312466a110516f56b70834d
  scumble: 32d6a2c1a127a1da00bf40aab90be90deb24ccfb
  skity: 7f923acd2d0e6d3b6dbae5fedfe4c344f2534718

PODFILE CHECKSUM: 34952025f6c48e0e4ac055d6dbccff55d4bf9d09

COCOAPODS: 1.17.0
